
Microsoft Visual Studio Solution File, Format Version 12.00
# Visual Studio Version 17
VisualStudioVersion = 17.7.33711.374
MinimumVisualStudioVersion = 10.0.40219.1
Project("{FAE04EC0-301F-11D3-BF4B-00C04F79EFBC}") = "ERP.Domain", "ERP.Domain\ERP.Domain.csproj", "{67B06F14-0819-41E6-A8D0-2AE387CDBCD8}"
EndProject
Project("{2150E333-8FDC-42A3-9474-1A3956D46DE8}") = "src", "src", "{EDB6150B-1A85-4201-B8DB-7F3B180E4C0F}"
EndProject
Project("{2150E333-8FDC-42A3-9474-1A3956D46DE8}") = "test", "test", "{9D15BDAA-2D43-4FC6-8D73-66BFA2411925}"
EndProject
Project("{2150E333-8FDC-42A3-9474-1A3956D46DE8}") = "Core", "Core", "{4E529F8C-1544-43BA-AA80-F0F5AC8102CF}"
EndProject
Project("{FAE04EC0-301F-11D3-BF4B-00C04F79EFBC}") = "ERP.Infrastructure", "ERP.Infrastructure\ERP.Infrastructure.csproj", "{C3F4166E-2A2C-48A1-8C11-12FB8112B9EB}"
EndProject
Project("{2150E333-8FDC-42A3-9474-1A3956D46DE8}") = "Application", "Application", "{F5106C5D-1449-4DFC-AA39-BC982C8D3C63}"
EndProject
Project("{FAE04EC0-301F-11D3-BF4B-00C04F79EFBC}") = "ERP.Application", "ERP.Application\ERP.Application.csproj", "{EA93B379-378B-485C-ABDE-5F81B2C5E0B8}"
EndProject
Project("{2150E333-8FDC-42A3-9474-1A3956D46DE8}") = "API", "API", "{BCADDAF8-17E9-429B-A549-F2755A833F52}"
EndProject
Project("{FAE04EC0-301F-11D3-BF4B-00C04F79EFBC}") = "ERP.API", "ERP.API\ERP.API.csproj", "{046BB410-68BD-4826-923F-9BAC86B34F33}"
EndProject
Project("{2150E333-8FDC-42A3-9474-1A3956D46DE8}") = "UI", "UI", "{C29797B7-294F-4289-A806-480EC2E83A3D}"
EndProject
Project("{FAE04EC0-301F-11D3-BF4B-00C04F79EFBC}") = "ERP.UI", "ERP.UI\ERP.UI.csproj", "{DCAF247E-6C8C-4DCB-B7B0-E04118A44765}"
EndProject
Project("{FAE04EC0-301F-11D3-BF4B-00C04F79EFBC}") = "ERP.Services", "ERP.Services\ERP.Services.csproj", "{8638D2C3-0EB7-40EB-8D39-13E7EBF9F905}"
EndProject
Project("{2150E333-8FDC-42A3-9474-1A3956D46DE8}") = "Services", "Services", "{64B649CD-B98E-480F-8B6F-A1C2066A711D}"
EndProject
Project("{2150E333-8FDC-42A3-9474-1A3956D46DE8}") = "API.Test", "API.Test", "{8B2A625F-0FF2-4AA0-BD11-45963C56F9C5}"
EndProject
Project("{2150E333-8FDC-42A3-9474-1A3956D46DE8}") = "Application.Test", "Application.Test", "{9675793E-400E-482D-A571-F6990518B4D7}"
EndProject
Project("{2150E333-8FDC-42A3-9474-1A3956D46DE8}") = "Core.Test", "Core.Test", "{EBE66EFE-72B2-4130-B99A-70435003D592}"
EndProject
Project("{2150E333-8FDC-42A3-9474-1A3956D46DE8}") = "Services.Test", "Services.Test", "{A3B80C2F-780D-4E89-A9F8-D3EC3A256EC4}"
EndProject
Project("{2150E333-8FDC-42A3-9474-1A3956D46DE8}") = "UI.Test", "UI.Test", "{845CDD55-852E-46F0-ADB1-671E7B6336CD}"
EndProject
Project("{2150E333-8FDC-42A3-9474-1A3956D46DE8}") = "Domain.Test", "Domain.Test", "{1CADE20A-DCD4-460E-9740-25AC56A2357C}"
EndProject
Project("{2150E333-8FDC-42A3-9474-1A3956D46DE8}") = "Infrastructure.Test", "Infrastructure.Test", "{6B3C4586-185E-4156-B65C-94363F8AE032}"
EndProject
Project("{FAE04EC0-301F-11D3-BF4B-00C04F79EFBC}") = "ERP.API.Test", "ERP.API.Test\ERP.API.Test.csproj", "{80BAD3D6-20EF-48F9-ABA6-9004A92D1CD6}"
EndProject
Project("{FAE04EC0-301F-11D3-BF4B-00C04F79EFBC}") = "ERP.Application.Test", "ERP.Application.Test\ERP.Application.Test.csproj", "{05426ECF-EE1C-4A4E-98AD-1D723B76E4A8}"
EndProject
Project("{FAE04EC0-301F-11D3-BF4B-00C04F79EFBC}") = "ERP.Domain.Test", "ERP.Domain.Test\ERP.Domain.Test.csproj", "{DCDBB624-115B-4A28-A6FF-88D5D369B5FE}"
EndProject
Project("{FAE04EC0-301F-11D3-BF4B-00C04F79EFBC}") = "ERP.Infrastructure.Test", "ERP.Infrastructure.Test\ERP.Infrastructure.Test.csproj", "{61064FCE-7392-4C35-91E1-BF9031E7095A}"
EndProject
Project("{FAE04EC0-301F-11D3-BF4B-00C04F79EFBC}") = "ERP.Services.Test", "ERP.Services.Test\ERP.Services.Test.csproj", "{828959D2-5A55-4915-9176-04F7AC6BEB0D}"
EndProject
Project("{FAE04EC0-301F-11D3-BF4B-00C04F79EFBC}") = "ERP.UI.Test", "ERP.UI.Test\ERP.UI.Test.csproj", "{B5AB6B6E-E4B1-4707-B083-67F325D67047}"
EndProject
Project("{FAE04EC0-301F-11D3-BF4B-00C04F79EFBC}") = "ERP.Identity.Domain", "ERP.Identity.Domain\ERP.Identity.Domain.csproj", "{81FBC6F7-1EF2-4C03-AD33-F09E58958C46}"
EndProject
Project("{FAE04EC0-301F-11D3-BF4B-00C04F79EFBC}") = "ERP.Services.Identity", "ERP.Services.Identity\ERP.Services.Identity.csproj", "{2B7D2A83-4D85-493B-AFDD-71F0FBB17CF2}"
EndProject
Project("{2150E333-8FDC-42A3-9474-1A3956D46DE8}") = "Identity.Test", "Identity.Test", "{41744539-4CB5-4B51-881A-A87B19CEFBAD}"
EndProject
Project("{FAE04EC0-301F-11D3-BF4B-00C04F79EFBC}") = "ERP.Identity.Domain.Test", "ERP.Identity.Domain.Test\ERP.Identity.Domain.Test.csproj", "{37DB1969-0C73-4CDF-B890-53948BFE4E1B}"
EndProject
Project("{FAE04EC0-301F-11D3-BF4B-00C04F79EFBC}") = "ERP.Services.Identity.Test", "ERP.Services.Identity.Test\ERP.Services.Identity.Test.csproj", "{7816D366-DBA1-4013-93B7-0307F9B20BCC}"
EndProject
Global
	GlobalSection(SolutionConfigurationPlatforms) = preSolution
		Debug|Any CPU = Debug|Any CPU
		Release|Any CPU = Release|Any CPU
	EndGlobalSection
	GlobalSection(ProjectConfigurationPlatforms) = postSolution
		{67B06F14-0819-41E6-A8D0-2AE387CDBCD8}.Debug|Any CPU.ActiveCfg = Debug|Any CPU
		{67B06F14-0819-41E6-A8D0-2AE387CDBCD8}.Debug|Any CPU.Build.0 = Debug|Any CPU
		{67B06F14-0819-41E6-A8D0-2AE387CDBCD8}.Release|Any CPU.ActiveCfg = Release|Any CPU
		{67B06F14-0819-41E6-A8D0-2AE387CDBCD8}.Release|Any CPU.Build.0 = Release|Any CPU
		{C3F4166E-2A2C-48A1-8C11-12FB8112B9EB}.Debug|Any CPU.ActiveCfg = Debug|Any CPU
		{C3F4166E-2A2C-48A1-8C11-12FB8112B9EB}.Debug|Any CPU.Build.0 = Debug|Any CPU
		{C3F4166E-2A2C-48A1-8C11-12FB8112B9EB}.Release|Any CPU.ActiveCfg = Release|Any CPU
		{C3F4166E-2A2C-48A1-8C11-12FB8112B9EB}.Release|Any CPU.Build.0 = Release|Any CPU
		{EA93B379-378B-485C-ABDE-5F81B2C5E0B8}.Debug|Any CPU.ActiveCfg = Debug|Any CPU
		{EA93B379-378B-485C-ABDE-5F81B2C5E0B8}.Debug|Any CPU.Build.0 = Debug|Any CPU
		{EA93B379-378B-485C-ABDE-5F81B2C5E0B8}.Release|Any CPU.ActiveCfg = Release|Any CPU
		{EA93B379-378B-485C-ABDE-5F81B2C5E0B8}.Release|Any CPU.Build.0 = Release|Any CPU
		{046BB410-68BD-4826-923F-9BAC86B34F33}.Debug|Any CPU.ActiveCfg = Debug|Any CPU
		{046BB410-68BD-4826-923F-9BAC86B34F33}.Debug|Any CPU.Build.0 = Debug|Any CPU
		{046BB410-68BD-4826-923F-9BAC86B34F33}.Release|Any CPU.ActiveCfg = Release|Any CPU
		{046BB410-68BD-4826-923F-9BAC86B34F33}.Release|Any CPU.Build.0 = Release|Any CPU
		{DCAF247E-6C8C-4DCB-B7B0-E04118A44765}.Debug|Any CPU.ActiveCfg = Debug|Any CPU
		{DCAF247E-6C8C-4DCB-B7B0-E04118A44765}.Debug|Any CPU.Build.0 = Debug|Any CPU
		{DCAF247E-6C8C-4DCB-B7B0-E04118A44765}.Release|Any CPU.ActiveCfg = Release|Any CPU
		{DCAF247E-6C8C-4DCB-B7B0-E04118A44765}.Release|Any CPU.Build.0 = Release|Any CPU
		{8638D2C3-0EB7-40EB-8D39-13E7EBF9F905}.Debug|Any CPU.ActiveCfg = Debug|Any CPU
		{8638D2C3-0EB7-40EB-8D39-13E7EBF9F905}.Debug|Any CPU.Build.0 = Debug|Any CPU
		{8638D2C3-0EB7-40EB-8D39-13E7EBF9F905}.Release|Any CPU.ActiveCfg = Release|Any CPU
		{8638D2C3-0EB7-40EB-8D39-13E7EBF9F905}.Release|Any CPU.Build.0 = Release|Any CPU
		{80BAD3D6-20EF-48F9-ABA6-9004A92D1CD6}.Debug|Any CPU.ActiveCfg = Debug|Any CPU
		{80BAD3D6-20EF-48F9-ABA6-9004A92D1CD6}.Debug|Any CPU.Build.0 = Debug|Any CPU
		{80BAD3D6-20EF-48F9-ABA6-9004A92D1CD6}.Release|Any CPU.ActiveCfg = Release|Any CPU
		{80BAD3D6-20EF-48F9-ABA6-9004A92D1CD6}.Release|Any CPU.Build.0 = Release|Any CPU
		{05426ECF-EE1C-4A4E-98AD-1D723B76E4A8}.Debug|Any CPU.ActiveCfg = Debug|Any CPU
		{05426ECF-EE1C-4A4E-98AD-1D723B76E4A8}.Debug|Any CPU.Build.0 = Debug|Any CPU
		{05426ECF-EE1C-4A4E-98AD-1D723B76E4A8}.Release|Any CPU.ActiveCfg = Release|Any CPU
		{05426ECF-EE1C-4A4E-98AD-1D723B76E4A8}.Release|Any CPU.Build.0 = Release|Any CPU
		{DCDBB624-115B-4A28-A6FF-88D5D369B5FE}.Debug|Any CPU.ActiveCfg = Debug|Any CPU
		{DCDBB624-115B-4A28-A6FF-88D5D369B5FE}.Debug|Any CPU.Build.0 = Debug|Any CPU
		{DCDBB624-115B-4A28-A6FF-88D5D369B5FE}.Release|Any CPU.ActiveCfg = Release|Any CPU
		{DCDBB624-115B-4A28-A6FF-88D5D369B5FE}.Release|Any CPU.Build.0 = Release|Any CPU
		{61064FCE-7392-4C35-91E1-BF9031E7095A}.Debug|Any CPU.ActiveCfg = Debug|Any CPU
		{61064FCE-7392-4C35-91E1-BF9031E7095A}.Debug|Any CPU.Build.0 = Debug|Any CPU
		{61064FCE-7392-4C35-91E1-BF9031E7095A}.Release|Any CPU.ActiveCfg = Release|Any CPU
		{61064FCE-7392-4C35-91E1-BF9031E7095A}.Release|Any CPU.Build.0 = Release|Any CPU
		{828959D2-5A55-4915-9176-04F7AC6BEB0D}.Debug|Any CPU.ActiveCfg = Debug|Any CPU
		{828959D2-5A55-4915-9176-04F7AC6BEB0D}.Debug|Any CPU.Build.0 = Debug|Any CPU
		{828959D2-5A55-4915-9176-04F7AC6BEB0D}.Release|Any CPU.ActiveCfg = Release|Any CPU
		{828959D2-5A55-4915-9176-04F7AC6BEB0D}.Release|Any CPU.Build.0 = Release|Any CPU
		{B5AB6B6E-E4B1-4707-B083-67F325D67047}.Debug|Any CPU.ActiveCfg = Debug|Any CPU
		{B5AB6B6E-E4B1-4707-B083-67F325D67047}.Debug|Any CPU.Build.0 = Debug|Any CPU
		{B5AB6B6E-E4B1-4707-B083-67F325D67047}.Release|Any CPU.ActiveCfg = Release|Any CPU
		{B5AB6B6E-E4B1-4707-B083-67F325D67047}.Release|Any CPU.Build.0 = Release|Any CPU
		{81FBC6F7-1EF2-4C03-AD33-F09E58958C46}.Debug|Any CPU.ActiveCfg = Debug|Any CPU
		{81FBC6F7-1EF2-4C03-AD33-F09E58958C46}.Debug|Any CPU.Build.0 = Debug|Any CPU
		{81FBC6F7-1EF2-4C03-AD33-F09E58958C46}.Release|Any CPU.ActiveCfg = Release|Any CPU
		{81FBC6F7-1EF2-4C03-AD33-F09E58958C46}.Release|Any CPU.Build.0 = Release|Any CPU
		{2B7D2A83-4D85-493B-AFDD-71F0FBB17CF2}.Debug|Any CPU.ActiveCfg = Debug|Any CPU
		{2B7D2A83-4D85-493B-AFDD-71F0FBB17CF2}.Debug|Any CPU.Build.0 = Debug|Any CPU
		{2B7D2A83-4D85-493B-AFDD-71F0FBB17CF2}.Release|Any CPU.ActiveCfg = Release|Any CPU
		{2B7D2A83-4D85-493B-AFDD-71F0FBB17CF2}.Release|Any CPU.Build.0 = Release|Any CPU
		{37DB1969-0C73-4CDF-B890-53948BFE4E1B}.Debug|Any CPU.ActiveCfg = Debug|Any CPU
		{37DB1969-0C73-4CDF-B890-53948BFE4E1B}.Debug|Any CPU.Build.0 = Debug|Any CPU
		{37DB1969-0C73-4CDF-B890-53948BFE4E1B}.Release|Any CPU.ActiveCfg = Release|Any CPU
		{37DB1969-0C73-4CDF-B890-53948BFE4E1B}.Release|Any CPU.Build.0 = Release|Any CPU
		{7816D366-DBA1-4013-93B7-0307F9B20BCC}.Debug|Any CPU.ActiveCfg = Debug|Any CPU
		{7816D366-DBA1-4013-93B7-0307F9B20BCC}.Debug|Any CPU.Build.0 = Debug|Any CPU
		{7816D366-DBA1-4013-93B7-0307F9B20BCC}.Release|Any CPU.ActiveCfg = Release|Any CPU
		{7816D366-DBA1-4013-93B7-0307F9B20BCC}.Release|Any CPU.Build.0 = Release|Any CPU
	EndGlobalSection
	GlobalSection(SolutionProperties) = preSolution
		HideSolutionNode = FALSE
	EndGlobalSection
	GlobalSection(NestedProjects) = preSolution
		{67B06F14-0819-41E6-A8D0-2AE387CDBCD8} = {4E529F8C-1544-43BA-AA80-F0F5AC8102CF}
		{4E529F8C-1544-43BA-AA80-F0F5AC8102CF} = {EDB6150B-1A85-4201-B8DB-7F3B180E4C0F}
		{C3F4166E-2A2C-48A1-8C11-12FB8112B9EB} = {4E529F8C-1544-43BA-AA80-F0F5AC8102CF}
		{F5106C5D-1449-4DFC-AA39-BC982C8D3C63} = {EDB6150B-1A85-4201-B8DB-7F3B180E4C0F}
		{EA93B379-378B-485C-ABDE-5F81B2C5E0B8} = {F5106C5D-1449-4DFC-AA39-BC982C8D3C63}
		{BCADDAF8-17E9-429B-A549-F2755A833F52} = {EDB6150B-1A85-4201-B8DB-7F3B180E4C0F}
		{046BB410-68BD-4826-923F-9BAC86B34F33} = {BCADDAF8-17E9-429B-A549-F2755A833F52}
		{C29797B7-294F-4289-A806-480EC2E83A3D} = {EDB6150B-1A85-4201-B8DB-7F3B180E4C0F}
		{DCAF247E-6C8C-4DCB-B7B0-E04118A44765} = {C29797B7-294F-4289-A806-480EC2E83A3D}
		{8638D2C3-0EB7-40EB-8D39-13E7EBF9F905} = {64B649CD-B98E-480F-8B6F-A1C2066A711D}
		{64B649CD-B98E-480F-8B6F-A1C2066A711D} = {EDB6150B-1A85-4201-B8DB-7F3B180E4C0F}
		{8B2A625F-0FF2-4AA0-BD11-45963C56F9C5} = {9D15BDAA-2D43-4FC6-8D73-66BFA2411925}
		{9675793E-400E-482D-A571-F6990518B4D7} = {9D15BDAA-2D43-4FC6-8D73-66BFA2411925}
		{EBE66EFE-72B2-4130-B99A-70435003D592} = {9D15BDAA-2D43-4FC6-8D73-66BFA2411925}
		{A3B80C2F-780D-4E89-A9F8-D3EC3A256EC4} = {9D15BDAA-2D43-4FC6-8D73-66BFA2411925}
		{845CDD55-852E-46F0-ADB1-671E7B6336CD} = {9D15BDAA-2D43-4FC6-8D73-66BFA2411925}
		{1CADE20A-DCD4-460E-9740-25AC56A2357C} = {EBE66EFE-72B2-4130-B99A-70435003D592}
		{6B3C4586-185E-4156-B65C-94363F8AE032} = {EBE66EFE-72B2-4130-B99A-70435003D592}
		{80BAD3D6-20EF-48F9-ABA6-9004A92D1CD6} = {8B2A625F-0FF2-4AA0-BD11-45963C56F9C5}
		{05426ECF-EE1C-4A4E-98AD-1D723B76E4A8} = {9675793E-400E-482D-A571-F6990518B4D7}
		{DCDBB624-115B-4A28-A6FF-88D5D369B5FE} = {1CADE20A-DCD4-460E-9740-25AC56A2357C}
		{61064FCE-7392-4C35-91E1-BF9031E7095A} = {6B3C4586-185E-4156-B65C-94363F8AE032}
		{828959D2-5A55-4915-9176-04F7AC6BEB0D} = {A3B80C2F-780D-4E89-A9F8-D3EC3A256EC4}
		{B5AB6B6E-E4B1-4707-B083-67F325D67047} = {845CDD55-852E-46F0-ADB1-671E7B6336CD}
		{81FBC6F7-1EF2-4C03-AD33-F09E58958C46} = {4E529F8C-1544-43BA-AA80-F0F5AC8102CF}
		{2B7D2A83-4D85-493B-AFDD-71F0FBB17CF2} = {64B649CD-B98E-480F-8B6F-A1C2066A711D}
		{41744539-4CB5-4B51-881A-A87B19CEFBAD} = {EBE66EFE-72B2-4130-B99A-70435003D592}
		{37DB1969-0C73-4CDF-B890-53948BFE4E1B} = {41744539-4CB5-4B51-881A-A87B19CEFBAD}
		{7816D366-DBA1-4013-93B7-0307F9B20BCC} = {A3B80C2F-780D-4E89-A9F8-D3EC3A256EC4}
	EndGlobalSection
	GlobalSection(ExtensibilityGlobals) = postSolution
		SolutionGuid = {C3F9FAC8-4A90-4B6B-89F4-9C7F81A2453E}
	EndGlobalSection
EndGlobal
